// !$*UTF8*$!
{
	archiveVersion = 1;
	classes = {
	};
	objectVersion = 46;
	objects = {

/* Begin PBXBuildFile section */
		88721D1E1E0765C400C70B20 /* AppDelegate.swift in Sources */ = {isa = PBXBuildFile; fileRef = 88721D1D1E0765C400C70B20 /* AppDelegate.swift */; };
		88721D201E0765C400C70B20 /* ViewController.swift in Sources */ = {isa = PBXBuildFile; fileRef = 88721D1F1E0765C400C70B20 /* ViewController.swift */; };
		88721D231E0765C500C70B20 /* Main.storyboard in Resources */ = {isa = PBXBuildFile; fileRef = 88721D211E0765C500C70B20 /* Main.storyboard */; };
		88721D251E0765C500C70B20 /* Assets.xcassets in Resources */ = {isa = PBXBuildFile; fileRef = 88721D241E0765C500C70B20 /* Assets.xcassets */; };
		88721D281E0765C500C70B20 /* LaunchScreen.storyboard in Resources */ = {isa = PBXBuildFile; fileRef = 88721D261E0765C500C70B20 /* LaunchScreen.storyboard */; };
/* End PBXBuildFile section */

/* Begin PBXFileReference section */
		88721D1A1E0765C400C70B20 /* MultiImageUploading.app */ = {isa = PBXFileReference; explicitFileType = wrapper.application; includeInIndex = 0; path = MultiImageUploading.app; sourceTree = BUILT_PRODUCTS_DIR; };
		88721D1D1E0765C400C70B20 /* AppDelegate.swift */ = {isa = PBXFileReference; lastKnownFileType = sourcecode.swift; path = AppDelegate.swift; sourceTree = "<group>"; };
		88721D1F1E0765C400C70B20 /* ViewController.swift */ = {isa = PBXFileReference; lastKnownFileType = sourcecode.swift; path = ViewController.swift; sourceTree = "<group>"; };
		88721D221E0765C500C70B20 /* Base */ = {isa = PBXFileReference; lastKnownFileType = file.storyboard; name = Base; path = Base.lproj/Main.storyboard; sourceTree = "<group>"; };
		88721D241E0765C500C70B20 /* Assets.xcassets */ = {isa = PBXFileReference; lastKnownFileType = folder.assetcatalog; path = Assets.xcassets; sourceTree = "<group>"; };
		88721D271E0765C500C70B20 /* Base */ = {isa = PBXFileReference; lastKnownFileType = file.storyboard; name = Base; path = Base.lproj/LaunchScreen.storyboard; sourceTree = "<group>"; };
		88721D291E0765C500C70B20 /* Info.plist */ = {isa = PBXFileReference; lastKnownFileType = text.plist.xml; path = Info.plist; sourceTree = "<group>"; };
/* End PBXFileReference section */

/* Begin PBXFrameworksBuildPhase section */
		88721D171E0765C400C70B20 /* Frameworks */ = {
			isa = PBXFrameworksBuildPhase;
			buildActionMask = 2147483647;
			files = (
			);
			runOnlyForDeploymentPostprocessing = 0;
		};
/* End PBXFrameworksBuildPhase section */

/* Begin PBXGroup section */
		88721D111E0765C400C70B20 = {
			isa = PBXGroup;
			children = (
				88721D1C1E0765C400C70B20 /* MultiImageUploading */,
				88721D1B1E0765C400C70B20 /* Products */,
			);
			sourceTree = "<group>";
		};
		88721D1B1E0765C400C70B20 /* Products */ = {
			isa = PBXGroup;
			children = (
				88721D1A1E0765C400C70B20 /* MultiImageUploading.app */,
			);
			name = Products;
			sourceTree = "<group>";
		};
		88721D1C1E0765C400C70B20 /* MultiImageUploading */ = {
			isa = PBXGroup;
			children = (
				88721D1D1E0765C400C70B20 /* AppDelegate.swift */,
				88721D1F1E0765C400C70B20 /* ViewController.swift */,
				88721D211E0765C500C70B20 /* Main.storyboard */,
				88721D241E0765C500C70B20 /* Assets.xcassets */,
				88721D261E0765C500C70B20 /* LaunchScreen.storyboard */,
				88721D291E0765C500C70B20 /* Info.plist */,
			);
			path = MultiImageUploading;
			sourceTree = "<group>";
		};
/* End PBXGroup section */

/* Begin PBXNativeTarget section */
		88721D191E0765C400C70B20 /* MultiImageUploading */ = {
			isa = PBXNativeTarget;
			buildConfigurationList = 88721D2C1E0765C500C70B20 /* Build configuration list for PBXNativeTarget "MultiImageUploading" */;
			buildPhases = (
				88721D161E0765C400C70B20 /* Sources */,
				88721D171E0765C400C70B20 /* Frameworks */,
				88721D181E0765C400C70B20 /* Resources */,
			);
			buildRules = (
			);
			dependencies = (
			);
			name = MultiImageUploading;
			productName = MultiImageUploading;
			productReference = 88721D1A1E0765C400C70B20 /* MultiImageUploading.app */;
			productType = "com.apple.product-type.application";
		};
/* End PBXNativeTarget section */

/* Begin PBXProject section */
		88721D121E0765C400C70B20 /* Project object */ = {
			isa = PBXProject;
			attributes = {
				LastSwiftUpdateCheck = 0810;
				LastUpgradeCheck = 0810;
				ORGANIZATIONNAME = Junior;
				TargetAttributes = {
					88721D191E0765C400C70B20 = {
						CreatedOnToolsVersion = 8.1;
						ProvisioningStyle = Automatic;
					};
				};
			};
			buildConfigurationList = 88721D151E0765C400C70B20 /* Build configuration list for PBXProject "MultiImageUploading" */;
			compatibilityVersion = "Xcode 3.2";
			developmentRegion = English;
			hasScannedForEncodings = 0;
			knownRegions = (
				en,
				Base,
			);
			mainGroup = 88721D111E0765C400C70B20;
			productRefGroup = 88721D1B1E0765C400C70B20 /* Products */;
			projectDirPath = "";
			projectRoot = "";
			targets = (
				88721D191E0765C400C70B20 /* MultiImageUploading */,
			);
		};
/* End PBXProject section */

/* Begin PBXResourcesBuildPhase section */
		88721D181E0765C400C70B20 /* Resources */ = {
			isa = PBXResourcesBuildPhase;
			buildActionMask = 2147483647;
			files = (
				88721D281E0765C500C70B20 /* LaunchScreen.storyboard in Resources */,
				88721D251E0765C500C70B20 /* Assets.xcassets in Resources */,
				88721D231E0765C500C70B20 /* Main.storyboard in Resources */,
			);
			runOnlyForDeploymentPostprocessing = 0;
		};
/* End PBXResourcesBuildPhase section */

/* Begin PBXSourcesBuildPhase section */
		88721D161E0765C400C70B20 /* Sources */ = {
			isa = PBXSourcesBuildPhase;
			buildActionMask = 2147483647;
			files = (
				88721D201E0765C400C70B20 /* ViewController.swift in Sources */,
				88721D1E1E0765C400C70B20 /* AppDelegate.swift in Sources */,
			);
			runOnlyForDeploymentPostprocessing = 0;
		};
/* End PBXSourcesBuildPhase section */

/* Begin PBXVariantGroup section */
		88721D211E0765C500C70B20 /* Main.storyboard */ = {
			isa = PBXVariantGroup;
			children = (
				88721D221E0765C500C70B20 /* Base */,
			);
			name = Main.storyboard;
			sourceTree = "<group>";
		};
		88721D261E0765C500C70B20 /* LaunchScreen.storyboard */ = {
			isa = PBXVariantGroup;
			children = (
				88721D271E0765C500C70B20 /* Base */,
			);
			name = LaunchScreen.storyboard;
			sourceTree = "<group>";
		};
/* End PBXVariantGroup section */

/* Begin XCBuildConfiguration section */
		88721D2A1E0765C500C70B20 /* Debug */ = {
			isa = XCBuildConfiguration;
			buildSettings = {
				ALWAYS_SEARCH_USER_PATHS = NO;
				CLANG_ANALYZER_NONNULL = YES;
				CLANG_CXX_LANGUAGE_STANDARD = "gnu++0x";
				CLANG_CXX_LIBRARY = "libc++";
				CLANG_ENABLE_MODULES = YES;
				CLANG_ENABLE_OBJC_ARC = YES;
				CLANG_WARN_BOOL_CONVERSION = YES;
				CLANG_WARN_CONSTANT_CONVERSION = YES;
				CLANG_WARN_DIRECT_OBJC_ISA_USAGE = YES_ERROR;
				CLANG_WARN_DOCUMENTATION_COMMENTS = YES;
				CLANG_WARN_EMPTY_BODY = YES;
				CLANG_WARN_ENUM_CONVERSION = YES;
				CLANG_WARN_INFINITE_RECURSION = YES;
				CLANG_WARN_INT_CONVERSION = YES;
				CLANG_WARN_OBJC_ROOT_CLASS = YES_ERROR;
				CLANG_WARN_SUSPICIOUS_MOVES = YES;
				CLANG_WARN_UNREACHABLE_CODE = YES;
				CLANG_WARN__DUPLICATE_METHOD_MATCH = YES;
				"CODE_SIGN_IDENTITY[sdk=iphoneos*]" = "iPhone Developer";
				COPY_PHASE_STRIP = NO;
				DEBUG_INFORMATION_FORMAT = dwarf;
				ENABLE_STRICT_OBJC_MSGSEND = YES;
				ENABLE_TESTABILITY = YES;
				GCC_C_LANGUAGE_STANDARD = gnu99;
				GCC_DYNAMIC_NO_PIC = NO;
				GCC_NO_COMMON_BLOCKS = YES;
				GCC_OPTIMIZATION_LEVEL = 0;
				GCC_PREPROCESSOR_DEFINITIONS = (
					"DEBUG=1",
					"$(inherited)",
				);
				GCC_WARN_64_TO_32_BIT_CONVERSION = YES;
				GCC_WARN_ABOUT_RETURN_TYPE = YES_ERROR;
				GCC_WARN_UNDECLARED_SELECTOR = YES;
				GCC_WARN_UNINITIALIZED_AUTOS = YES_AGGRESSIVE;
				GCC_WARN_UNUSED_FUNCTION = YES;
				GCC_WARN_UNUSED_VARIABLE = YES;
				IPHONEOS_DEPLOYMENT_TARGET = 10.1;
				MTL_ENABLE_DEBUG_INFO = YES;
				ONLY_ACTIVE_ARCH = YES;
				SDKROOT = iphoneos;
				SWIFT_ACTIVE_COMPILATION_CONDITIONS = DEBUG;
				SWIFT_OPTIMIZATION_LEVEL = "-Onone";
				TARGETED_DEVICE_FAMILY = "1,2";
			};
			name = Debug;
		};
		88721D2B1E0765C500C70B20 /* Release */ = {
			isa = XCBuildConfiguration;
			buildSettings = {
				ALWAYS_SEARCH_USER_PATHS = NO;
				CLANG_ANALYZER_NONNULL = YES;
				CLANG_CXX_LANGUAGE_STANDARD = "gnu++0x";
				CLANG_CXX_LIBRARY = "libc++";
				CLANG_ENABLE_MODULES = YES;
				CLANG_ENABLE_OBJC_ARC = YES;
				CLANG_WARN_BOOL_CONVERSION = YES;
				CLANG_WARN_CONSTANT_CONVERSION = YES;
				CLANG_WARN_DIRECT_OBJC_ISA_USAGE = YES_ERROR;
				CLANG_WARN_DOCUMENTATION_COMMENTS = YES;
				CLANG_WARN_EMPTY_BODY = YES;
				CLANG_WARN_ENUM_CONVERSION = YES;
				CLANG_WARN_INFINITE_RECURSION = YES;
				CLANG_WARN_INT_CONVERSION = YES;
				CLANG_WARN_OBJC_ROOT_CLASS = YES_ERROR;
				CLANG_WARN_SUSPICIOUS_MOVES = YES;
				CLANG_WARN_UNREACHABLE_CODE = YES;
				CLANG_WARN__DUPLICATE_METHOD_MATCH = YES;
				"CODE_SIGN_IDENTITY[sdk=iphoneos*]" = "iPhone Developer";
				COPY_PHASE_STRIP = NO;
				DEBUG_INFORMATION_FORMAT = "dwarf-with-dsym";
				ENABLE_NS_ASSERTIONS = NO;
				ENABLE_STRICT_OBJC_MSGSEND = YES;
				GCC_C_LANGUAGE_STANDARD = gnu99;
				GCC_NO_COMMON_BLOCKS = YES;
				GCC_WARN_64_TO_32_BIT_CONVERSION = YES;
				GCC_WARN_ABOUT_RETURN_TYPE = YES_ERROR;
				GCC_WARN_UNDECLARED_SELECTOR = YES;
				GCC_WARN_UNINITIALIZED_AUTOS = YES_AGGRESSIVE;
				GCC_WARN_UNUSED_FUNCTION = YES;
				GCC_WARN_UNUSED_VARIABLE = YES;
				IPHONEOS_DEPLOYMENT_TARGET = 10.1;
				MTL_ENABLE_DEBUG_INFO = NO;
				SDKROOT = iphoneos;
				SWIFT_OPTIMIZATION_LEVEL = "-Owholemodule";
				TARGETED_DEVICE_FAMILY = "1,2";
				VALIDATE_PRODUCT = YES;
			};
			name = Release;
		};
		88721D2D1E0765C500C70B20 /* Debug */ = {
			isa = XCBuildConfiguration;
			buildSettings = {
				ASSETCATALOG_COMPILER_APPICON_NAME = AppIcon;
				INFOPLIST_FILE = MultiImageUploading/Info.plist;
				LD_RUNPATH_SEARCH_PATHS = "$(inherited) @executable_path/Frameworks";
				PRODUCT_BUNDLE_IDENTIFIER = com.kosign.MultiImageUploading;
				PRODUCT_NAME = "$(TARGET_NAME)";
				SWIFT_VERSION = 3.0;
			};
			name = Debug;
		};
		88721D2E1E0765C500C70B20 /* Release */ = {
			isa = XCBuildConfiguration;
			buildSettings = {
				ASSETCATALOG_COMPILER_APPICON_NAME = AppIcon;
				INFOPLIST_FILE = MultiImageUploading/Info.plist;
				LD_RUNPATH_SEARCH_PATHS = "$(inherited) @executable_path/Frameworks";
				PRODUCT_BUNDLE_IDENTIFIER = com.kosign.MultiImageUploading;
				PRODUCT_NAME = "$(TARGET_NAME)";
				SWIFT_VERSION = 3.0;
			};
			name = Release;
		};
/* End XCBuildConfiguration section */

/* Begin XCConfigurationList section */
		88721D151E0765C400C70B20 /* Build configuration list for PBXProject "MultiImageUploading" */ = {
			isa = XCConfigurationList;
			buildConfigurations = (
				88721D2A1E0765C500C70B20 /* Debug */,
				88721D2B1E0765C500C70B20 /* Release */,
			);
			defaultConfigurationIsVisible = 0;
			defaultConfigurationName = Release;
		};
		88721D2C1E0765C500C70B20 /* Build configuration list for PBXNativeTarget "MultiImageUploading" */ = {
			isa = XCConfigurationList;
			buildConfigurations = (
				88721D2D1E0765C500C70B20 /* Debug */,
				88721D2E1E0765C500C70B20 /* Release */,
			);
			defaultConfigurationIsVisible = 0;
		};
/* End XCConfigurationList section */
	};
	rootObject = 88721D121E0765C400C70B20 /* Project object */;
}
